
Microsoft Visual Studio Solution File, Format Version 12.00
# Visual Studio Version 16
VisualStudioVersion = 16.0.31205.134
MinimumVisualStudioVersion = 10.0.40219.1
Project("{FAE04EC0-301F-11D3-BF4B-00C04F79EFBC}") = "DigtailReceiptReader.Android", "DigtailReceiptReader.Android\DigtailReceiptReader.Android.csproj", "{AF879C73-AD83-4EDE-BDAF-6DF59064E71B}"
EndProject
Project("{FAE04EC0-301F-11D3-BF4B-00C04F79EFBC}") = "DigtailReceiptReader.iOS", "DigtailReceiptReader.iOS\DigtailReceiptReader.iOS.csproj", "{F1DBFD3E-1AC2-4918-AD7E-09D09A3E07C5}"
EndProject
Project("{FAE04EC0-301F-11D3-BF4B-00C04F79EFBC}") = "DigtailReceiptReader", "DigtailReceiptReader\DigtailReceiptReader.csproj", "{F83BFEC2-D317-4029-ACE9-80E1BBEFE79D}"
EndProject
Global
	GlobalSection(SolutionConfigurationPlatforms) = preSolution
		Debug|Any CPU = Debug|Any CPU
		Debug|iPhone = Debug|iPhone
		Debug|iPhoneSimulator = Debug|iPhoneSimulator
		Release|Any CPU = Release|Any CPU
		Release|iPhone = Release|iPhone
		Release|iPhoneSimulator = Release|iPhoneSimulator
	EndGlobalSection
	GlobalSection(ProjectConfigurationPlatforms) = postSolution
		{AF879C73-AD83-4EDE-BDAF-6DF59064E71B}.Debug|Any CPU.ActiveCfg = Debug|Any CPU
		{AF879C73-AD83-4EDE-BDAF-6DF59064E71B}.Debug|Any CPU.Build.0 = Debug|Any CPU
		{AF879C73-AD83-4EDE-BDAF-6DF59064E71B}.Debug|Any CPU.Deploy.0 = Debug|Any CPU
		{AF879C73-AD83-4EDE-BDAF-6DF59064E71B}.Debug|iPhone.ActiveCfg = Debug|Any CPU
		{AF879C73-AD83-4EDE-BDAF-6DF59064E71B}.Debug|iPhone.Build.0 = Debug|Any CPU
		{AF879C73-AD83-4EDE-BDAF-6DF59064E71B}.Debug|iPhone.Deploy.0 = Debug|Any CPU
		{AF879C73-AD83-4EDE-BDAF-6DF59064E71B}.Debug|iPhoneSimulator.ActiveCfg = Debug|Any CPU
		{AF879C73-AD83-4EDE-BDAF-6DF59064E71B}.Debug|iPhoneSimulator.Build.0 = Debug|Any CPU
		{AF879C73-AD83-4EDE-BDAF-6DF59064E71B}.Debug|iPhoneSimulator.Deploy.0 = Debug|Any CPU
		{AF879C73-AD83-4EDE-BDAF-6DF59064E71B}.Release|Any CPU.ActiveCfg = Release|Any CPU
		{AF879C73-AD83-4EDE-BDAF-6DF59064E71B}.Release|Any CPU.Build.0 = Release|Any CPU
		{AF879C73-AD83-4EDE-BDAF-6DF59064E71B}.Release|Any CPU.Deploy.0 = Release|Any CPU
		{AF879C73-AD83-4EDE-BDAF-6DF59064E71B}.Release|iPhone.ActiveCfg = Release|Any CPU
		{AF879C73-AD83-4EDE-BDAF-6DF59064E71B}.Release|iPhone.Build.0 = Release|Any CPU
		{AF879C73-AD83-4EDE-BDAF-6DF59064E71B}.Release|iPhone.Deploy.0 = Release|Any CPU
		{AF879C73-AD83-4EDE-BDAF-6DF59064E71B}.Release|iPhoneSimulator.ActiveCfg = Release|Any CPU
		{AF879C73-AD83-4EDE-BDAF-6DF59064E71B}.Release|iPhoneSimulator.Build.0 = Release|Any CPU
		{AF879C73-AD83-4EDE-BDAF-6DF59064E71B}.Release|iPhoneSimulator.Deploy.0 = Release|Any CPU
		{F1DBFD3E-1AC2-4918-AD7E-09D09A3E07C5}.Debug|Any CPU.ActiveCfg = Debug|iPhone
		{F1DBFD3E-1AC2-4918-AD7E-09D09A3E07C5}.Debug|Any CPU.Build.0 = Debug|iPhone
		{F1DBFD3E-1AC2-4918-AD7E-09D09A3E07C5}.Debug|Any CPU.Deploy.0 = Debug|iPhone
		{F1DBFD3E-1AC2-4918-AD7E-09D09A3E07C5}.Debug|iPhone.ActiveCfg = Debug|iPhone
		{F1DBFD3E-1AC2-4918-AD7E-09D09A3E07C5}.Debug|iPhone.Build.0 = Debug|iPhone
		{F1DBFD3E-1AC2-4918-AD7E-09D09A3E07C5}.Debug|iPhone.Deploy.0 = Debug|iPhone
		{F1DBFD3E-1AC2-4918-AD7E-09D09A3E07C5}.Debug|iPhoneSimulator.ActiveCfg = Debug|iPhoneSimulator
		{F1DBFD3E-1AC2-4918-AD7E-09D09A3E07C5}.Debug|iPhoneSimulator.Build.0 = Debug|iPhoneSimulator
		{F1DBFD3E-1AC2-4918-AD7E-09D09A3E07C5}.Debug|iPhoneSimulator.Deploy.0 = Debug|iPhoneSimulator
		{F1DBFD3E-1AC2-4918-AD7E-09D09A3E07C5}.Release|Any CPU.ActiveCfg = Release|iPhoneSimulator
		{F1DBFD3E-1AC2-4918-AD7E-09D09A3E07C5}.Release|Any CPU.Build.0 = Release|iPhoneSimulator
		{F1DBFD3E-1AC2-4918-AD7E-09D09A3E07C5}.Release|Any CPU.Deploy.0 = Release|iPhoneSimulator
		{F1DBFD3E-1AC2-4918-AD7E-09D09A3E07C5}.Release|iPhone.ActiveCfg = Release|iPhone
		{F1DBFD3E-1AC2-4918-AD7E-09D09A3E07C5}.Release|iPhone.Build.0 = Release|iPhone
		{F1DBFD3E-1AC2-4918-AD7E-09D09A3E07C5}.Release|iPhone.Deploy.0 = Release|iPhone
		{F1DBFD3E-1AC2-4918-AD7E-09D09A3E07C5}.Release|iPhoneSimulator.ActiveCfg = Release|iPhoneSimulator
		{F1DBFD3E-1AC2-4918-AD7E-09D09A3E07C5}.Release|iPhoneSimulator.Build.0 = Release|iPhoneSimulator
		{F1DBFD3E-1AC2-4918-AD7E-09D09A3E07C5}.Release|iPhoneSimulator.Deploy.0 = Release|iPhoneSimulator
		{F83BFEC2-D317-4029-ACE9-80E1BBEFE79D}.Debug|Any CPU.ActiveCfg = Debug|Any CPU
		{F83BFEC2-D317-4029-ACE9-80E1BBEFE79D}.Debug|Any CPU.Build.0 = Debug|Any CPU
		{F83BFEC2-D317-4029-ACE9-80E1BBEFE79D}.Debug|Any CPU.Deploy.0 = Debug|Any CPU
		{F83BFEC2-D317-4029-ACE9-80E1BBEFE79D}.Debug|iPhone.ActiveCfg = Debug|Any CPU
		{F83BFEC2-D317-4029-ACE9-80E1BBEFE79D}.Debug|iPhone.Build.0 = Debug|Any CPU
		{F83BFEC2-D317-4029-ACE9-80E1BBEFE79D}.Debug|iPhone.Deploy.0 = Debug|Any CPU
		{F83BFEC2-D317-4029-ACE9-80E1BBEFE79D}.Debug|iPhoneSimulator.ActiveCfg = Debug|Any CPU
		{F83BFEC2-D317-4029-ACE9-80E1BBEFE79D}.Debug|iPhoneSimulator.Build.0 = Debug|Any CPU
		{F83BFEC2-D317-4029-ACE9-80E1BBEFE79D}.Debug|iPhoneSimulator.Deploy.0 = Debug|Any CPU
		{F83BFEC2-D317-4029-ACE9-80E1BBEFE79D}.Release|Any CPU.ActiveCfg = Release|Any CPU
		{F83BFEC2-D317-4029-ACE9-80E1BBEFE79D}.Release|Any CPU.Build.0 = Release|Any CPU
		{F83BFEC2-D317-4029-ACE9-80E1BBEFE79D}.Release|Any CPU.Deploy.0 = Release|Any CPU
		{F83BFEC2-D317-4029-ACE9-80E1BBEFE79D}.Release|iPhone.ActiveCfg = Release|Any CPU
		{F83BFEC2-D317-4029-ACE9-80E1BBEFE79D}.Release|iPhone.Build.0 = Release|Any CPU
		{F83BFEC2-D317-4029-ACE9-80E1BBEFE79D}.Release|iPhone.Deploy.0 = Release|Any CPU
		{F83BFEC2-D317-4029-ACE9-80E1BBEFE79D}.Release|iPhoneSimulator.ActiveCfg = Release|Any CPU
		{F83BFEC2-D317-4029-ACE9-80E1BBEFE79D}.Release|iPhoneSimulator.Build.0 = Release|Any CPU
		{F83BFEC2-D317-4029-ACE9-80E1BBEFE79D}.Release|iPhoneSimulator.Deploy.0 = Release|Any CPU
	EndGlobalSection
	GlobalSection(SolutionProperties) = preSolution
		HideSolutionNode = FALSE
	EndGlobalSection
	GlobalSection(ExtensibilityGlobals) = postSolution
		SolutionGuid = {87124837-2DFD-442E-AA61-ED7882550CE6}
	EndGlobalSection
EndGlobal
